fortio.org/assert v1.2.1 h1:48I39urpeDj65RP1KguF7akCjILNeu6vICiYMEysR7Q=
fortio.org/assert v1.2.1/go.mod h1:039mG+/iYDPO8Ibx8TrNuJCm2T2SuhwRI3uL9nHTTls=
fortio.org/cli v1.12.3 h1:PoqlAgkClqEv9Ztj4HK/J55UodnTc3Z+Ignm0ggyei4=
fortio.org/cli v1.12.3/go.mod h1:miR0uK+QAJLctpMGeeYvuS/8SldOVJ5jyDl8d+bes8Q=
fortio.org/dflag v1.9.3 h1:1E/flKspJ18H/RC6uqxUf8F1t0htpBS9XF5otT4iRwQ=
fortio.org/dflag v1.9.3/go.mod h1:+FrKhZpKDqRbcfFcS9P0sY2WN/kc231dXuwpzfsLjzc=
fortio.org/duration v1.0.4 h1:TB07ng4UsMZPDRujJRkTJIcNqMTLM283zob10nb9K24=
fortio.org/duration v1.0.4/go.mod h1:RuBVqdcCKRwMmI8WIdVq8kd7ngQPCIe6G7AU0NC0XDw=
fortio.org/fortio v1.75.2 h1:TzBLdqgF9XOyBG4zt/uK8V2QoRbYRPvXM/Ju196nsGA=
fortio.org/fortio v1.75.2/go.mod h1:GYmqFZ5uZxaSwRyNTZn1dO0UnmtzNgEeDtDzNZ8im1E=
fortio.org/log v1.18.3 h1:2kwEUise3faY4OouueQ/1tC+75Y2YGJjJaX2/ECmu4I=
fortio.org/log v1.18.3/go.mod h1:vqpyEZd/TP4xO5eAHQaa4buDZDCn1AxCAV+wl3eaTec=
fortio.org/safecast v1.2.0 h1:ckQJNenMJHycqPsi/QrzA4EUX5WQkyd+hGO4mxt/a8w=
fortio.org/safecast v1.2.0/go.mod h1:xZmcPk3vi4kuUFf+tq4SvnlVdwViqf6ZSZl91Jr9Jdg=
fortio.org/scli v1.19.0 h1:3nr1BzCmKds6Ms7O33sjM0r/y9N4ZCEeFZ6kCzI/ii0=
fortio.org/scli v1.19.0/go.mod h1:cgaXS0ccxZl6i9pRn6rZQTtoRVeopu17XyvDdEeZpNE=
fortio.org/sets v1.3.0 h1:UiEtck/ndNM3Tg53mJu3I7Zz1ED8+YSQLtPKSjd8LTE=
fortio.org/sets v1.3.0/go.mod h1:y8fFzm4bPTk3Qfr/tF3Xz7oWwgzpy++QdkwURKhNbP4=
fortio.org/struct2env v0.4.2 h1:Xh7HlS9vf2ZdRvRfmoGIasNDO8t6z36M713utVODRCo=
fortio.org/struct2env v0.4.2/go.mod h1:lENUe70UwA1zDUCX+8AsO663QCFqYaprk5lnPhjD410=
fortio.org/version v1.0.4 h1:FWUMpJ+hVTNc4RhvvOJzb0xesrlRmG/a+D6bjbQ4+5U=
fortio.org/version v1.0.4/go.mod h1:2JQp9Ax+tm6QKiGuzR5nJY63kFeANcgrZ0osoQFDVm0=
github.com/davecgh/go-spew v1.1.2-0.20180830191138-d8f796af33cc h1:U9qPSI2PIWSS1VwoXQT9A3Wy9MM3WgvqSxFWenqJduM=
github.com/davecgh/go-spew v1.1.2-0.20180830191138-d8f796af33cc/go.mod h1:J7Y8YcW2NihsgmVo/mv3lAwl/skON4iLHjSsI+c5H38=
github.com/fsnotify/fsnotify v1.8.0 h1:dAwr6QBTBZIkG8roQaJjGof0pp0EeF+tNV7YBP3F/8M=
github.com/fsnotify/fsnotify v1.8.0/go.mod h1:8jBTzvmWwFyi3Pb8djgCCO5IBqzKJ/Jwo8TRcHyHii0=
github.com/google/uuid v1.6.0 h1:NIvaJDMOsjHA8n1jAhLSgzrAzy1Hgr+hNrb57e+94F0=
github.com/google/uuid v1.6.0/go.mod h1:TIyPZe4MgqvfeYDBFedMoGGpEw/LqOeaOT+nhxU+yHo=
github.com/kortschak/goroutine v1.1.3 h1:kELvAfi7jpVD7a+MPWjmIxuQVJVYo/RELaOeGJZBb88=
github.com/kortschak/goroutine v1.1.3/go.mod h1:zKpXs1FWN/6mXasDQzfl7g0LrGFIOiA6cLs9eXKyaMY=
github.com/magefile/mage v1.17.0 h1:dS4tkq997Ism03akafC8509iqDjeE7TNTexI25Y7sXM=
github.com/magefile/mage v1.17.0/go.mod h1:Yj51kqllmsgFpvvSzgrZPK9WtluG3kUhFaBUVLo4feA=
github.com/pmezard/go-difflib v1.0.1-0.20181226105442-5d4384ee4fb2 h1:Jamvg5psRIccs7FGNTlIRMkT8wgtp5eCXdBlqhYGL6U=
github.com/pmezard/go-difflib v1.0.1-0.20181226105442-5d4384ee4fb2/go.mod h1:iKH77koFhYxTK1pcRnkKkqfTogsbg7gZNVY4sRDYZ/4=
github.com/stretchr/testify v1.11.1 h1:7s2iGBzp5EwR7/aIZr8ao5+dra3wiQyKjjFuvgVKu7U=
github.com/stretchr/testify v1.11.1/go.mod h1:wZwfW3scLgRK+23gO65QZefKpKQRnfz6sD981Nm4B6U=
github.com/tetratelabs/wabin v0.0.0-20230304001439-f6f874872834 h1:ZF+QBjOI+tILZjBaFj3HgFonKXUcwgJ4djLb6i42S3Q=
github.com/tetratelabs/wabin v0.0.0-20230304001439-f6f874872834/go.mod h1:m9ymHTgNSEjuxvw8E7WWe4Pl4hZQHXONY8wE6dMLaRk=
golang.org/x/crypto/x509roots/fallback v0.0.0-20250406160420-959f8f3db0fb h1:Iu0p/klM0SM7atONioa/bPhLS7cjhnip99x1OIGibwg=
golang.org/x/crypto/x509roots/fallback v0.0.0-20250406160420-959f8f3db0fb/go.mod h1:lxN5T34bK4Z/i6cMaU7frUU57VkDXFD4Kamfl/cp9oU=
golang.org/x/net v0.56.0 h1:Rw8j/hFzGvJUZwNBXnAtf5sVDVt+65SK2C7IxCxZt5o=
golang.org/x/net v0.56.0/go.mod h1:D3Ku6r+V6JROoZK144D2XfMHFcMq/0zSfLelVTCFKec=
golang.org/x/sys v0.46.0 h1:noSf2Fq6F8DBgS+LysIkx7rIExoNHJsxOAtPp4rthXw=
golang.org/x/sys v0.46.0/go.mod h1:4GL1E5IUh+htKOUEOaiffhrAeqysfVGipDYzABqnCmw=
golang.org/x/text v0.38.0 h1:sXmwo9DwP3OK9EZ7PqAdaooSGozfl/3a6/xJcbzPRhE=
golang.org/x/text v0.38.0/go.mod h1:YXZt3QhHUKYT53r2lLKFIVi6Ao1jdzrTR/KQ09qyxF4=
gopkg.in/yaml.v3 v3.0.1 h1:fxVm/GzAzEWqLHuvctI91KS9hhNmmWOoWu0XTYJS7CA=
gopkg.in/yaml.v3 v3.0.1/go.mod h1:K4uyk7z7BCEPqu6E+C64Yfv1cQ7kz7rIZviUmN+EgEM=
